{
  "name": "spux-shim",
  "version": "0.0.9",
  "lockfileVersion": 1,
  "requires": true,
  "dependencies": {
    "htm": {
      "version": "3.0.4",
      "resolved": "https://registry.npmjs.org/htm/-/htm-3.0.4.tgz",
      "integrity": "sha512-VRdvxX3tmrXuT/Ovt59NMp/ORMFi4bceFMDjos1PV4E0mV+5votuID8R60egR9A4U8nLt238R/snlJGz3UYiTQ=="
    },
    "preact": {
      "version": "10.4.4",
      "resolved": "https://registry.npmjs.org/preact/-/preact-10.4.4.tgz",
      "integrity": "sha512-EaTJrerceyAPatQ+vfnadoopsMBZAOY7ak9ogVdUi5xbpR8SoHgtLryXnW+4mQOwt21icqoVR1brkU2dq7pEBA=="
    }
  }
}
